// !$*UTF8*$!
{
	archiveVersion = 1;
	classes = {
	};
	objectVersion = 51;
	objects = {

/* Begin PBXBuildFile section */
		3A0EAE3513B5497E2CEA9F39 /* Pods_FilimoVitTests.framework in Frameworks */ = {isa = PBXBuildFile; fileRef = 8E579197B22990D0CB19351A /* Pods_FilimoVitTests.framework */; };
		440CBA43BB103D89A55F01D1 /* Pods_FilimoVit.framework in Frameworks */ = {isa = PBXBuildFile; fileRef = EF6DCC97617DC49DCFE6DD52 /* Pods_FilimoVit.framework */; };
		860783E4022441E6D4477461 /* Pods_FilimoVit_FilimoVitUITests.framework in Frameworks */ = {isa = PBXBuildFile; fileRef = A73BC8ACCB9EB24EE17577BE /* Pods_FilimoVit_FilimoVitUITests.framework */; };
		AA1A498724C065EE00CA821C /* AppDelegate.swift in Sources */ = {isa = PBXBuildFile; fileRef = AA1A498624C065EE00CA821C /* AppDelegate.swift */; };
		AA1A498924C065EE00CA821C /* SceneDelegate.swift in Sources */ = {isa = PBXBuildFile; fileRef = AA1A498824C065EE00CA821C /* SceneDelegate.swift */; };
		AA1A498B24C065EE00CA821C /* VitrinVC.swift in Sources */ = {isa = PBXBuildFile; fileRef = AA1A498A24C065EE00CA821C /* VitrinVC.swift */; };
		AA1A498E24C065EE00CA821C /* Main.storyboard in Resources */ = {isa = PBXBuildFile; fileRef = AA1A498C24C065EE00CA821C /* Main.storyboard */; };
		AA1A499024C065F000CA821C /* Assets.xcassets in Resources */ = {isa = PBXBuildFile; fileRef = AA1A498F24C065F000CA821C /* Assets.xcassets */; };
		AA1A499324C065F000CA821C /* LaunchScreen.storyboard in Resources */ = {isa = PBXBuildFile; fileRef = AA1A499124C065F000CA821C /* LaunchScreen.storyboard */; };
		AA1A499E24C065F000CA821C /* FilimoVitTests.swift in Sources */ = {isa = PBXBuildFile; fileRef = AA1A499D24C065F000CA821C /* FilimoVitTests.swift */; };
		AA1A49A924C065F000CA821C /* FilimoVitUITests.swift in Sources */ = {isa = PBXBuildFile; fileRef = AA1A49A824C065F000CA821C /* FilimoVitUITests.swift */; };
		AA1A49BE24C1C48B00CA821C /* VitrinItem.swift in Sources */ = {isa = PBXBuildFile; fileRef = AA1A49BD24C1C48B00CA821C /* VitrinItem.swift */; };
		AA1A49C024C1C53B00CA821C /* Constants.swift in Sources */ = {isa = PBXBuildFile; fileRef = AA1A49BF24C1C53B00CA821C /* Constants.swift */; };
		AA1A49C224C2102200CA821C /* Base.swift in Sources */ = {isa = PBXBuildFile; fileRef = AA1A49C124C2102200CA821C /* Base.swift */; };
		AA1A49C424C2148E00CA821C /* Poster.swift in Sources */ = {isa = PBXBuildFile; fileRef = AA1A49C324C2148E00CA821C /* Poster.swift */; };
		AA1A49C624C21D9400CA821C /* Movie.swift in Sources */ = {isa = PBXBuildFile; fileRef = AA1A49C524C21D9400CA821C /* Movie.swift */; };
		AA1A49C824C21DAB00CA821C /* Tag.swift in Sources */ = {isa = PBXBuildFile; fileRef = AA1A49C724C21DAB00CA821C /* Tag.swift */; };
		AA1A49CE24C2C3D500CA821C /* HeaderSlider.swift in Sources */ = {isa = PBXBuildFile; fileRef = AA1A49CD24C2C3D500CA821C /* HeaderSlider.swift */; };
		AA1A49D624C32DAB00CA821C /* VitrinVM.swift in Sources */ = {isa = PBXBuildFile; fileRef = AA1A49D524C32DAB00CA821C /* VitrinVM.swift */; };
		AA1A49DA24C3653600CA821C /* PosterTVC.swift in Sources */ = {isa = PBXBuildFile; fileRef = AA1A49D924C3653600CA821C /* PosterTVC.swift */; };
		AA1A49DC24C3654900CA821C /* PosterTVC.xib in Resources */ = {isa = PBXBuildFile; fileRef = AA1A49DB24C3654900CA821C /* PosterTVC.xib */; };
		AA1A49DE24C36C1900CA821C /* Extensiones.swift in Sources */ = {isa = PBXBuildFile; fileRef = AA1A49DD24C36C1900CA821C /* Extensiones.swift */; };
		AA1A49E124C49D1500CA821C /* MoiveTVC.swift in Sources */ = {isa = PBXBuildFile; fileRef = AA1A49E024C49D1500CA821C /* MoiveTVC.swift */; };
		AA1A49E324C49D2800CA821C /* MovieTVC.xib in Resources */ = {isa = PBXBuildFile; fileRef = AA1A49E224C49D2800CA821C /* MovieTVC.xib */; };
		AA1A49EA24C49F8700CA821C /* IRANSansMobile(FaNum).ttf in Resources */ = {isa = PBXBuildFile; fileRef = AA1A49E524C49F8700CA821C /* IRANSansMobile(FaNum).ttf */; };
		AA1A49EB24C49F8700CA821C /* IRANSansMobile(FaNum)_Bold.ttf in Resources */ = {isa = PBXBuildFile; fileRef = AA1A49E624C49F8700CA821C /* IRANSansMobile(FaNum)_Bold.ttf */; };
		AA1A49EC24C49F8700CA821C /* IRANSansMobile(FaNum)_Light.ttf in Resources */ = {isa = PBXBuildFile; fileRef = AA1A49E724C49F8700CA821C /* IRANSansMobile(FaNum)_Light.ttf */; };
		AA1A49ED24C49F8700CA821C /* IRANSansMobile(FaNum)_UltraLight.ttf in Resources */ = {isa = PBXBuildFile; fileRef = AA1A49E824C49F8700CA821C /* IRANSansMobile(FaNum)_UltraLight.ttf */; };
		AA1A49EE24C49F8700CA821C /* IRANSansMobile(FaNum)_Medium.ttf in Resources */ = {isa = PBXBuildFile; fileRef = AA1A49E924C49F8700CA821C /* IRANSansMobile(FaNum)_Medium.ttf */; };
		AA1A49F124C4C37500CA821C /* ThumbplayCVC.xib in Resources */ = {isa = PBXBuildFile; fileRef = AA1A49F024C4C37500CA821C /* ThumbplayCVC.xib */; };
		AA1A49F324C4C38A00CA821C /* ThumbplayCVC.swift in Sources */ = {isa = PBXBuildFile; fileRef = AA1A49F224C4C38A00CA821C /* ThumbplayCVC.swift */; };
		AA1A49F624C4C3D700CA821C /* ThumbnailCVC.xib in Resources */ = {isa = PBXBuildFile; fileRef = AA1A49F524C4C3D700CA821C /* ThumbnailCVC.xib */; };
		AA1A49F824C4C44500CA821C /* ThumbnailCVC.swift in Sources */ = {isa = PBXBuildFile; fileRef = AA1A49F724C4C44500CA821C /* ThumbnailCVC.swift */; };
		AA1A49FB24C4C49600CA821C /* TheaterCVC.xib in Resources */ = {isa = PBXBuildFile; fileRef = AA1A49FA24C4C49600CA821C /* TheaterCVC.xib */; };
		AA1A49FD24C4C4A000CA821C /* TheaterCVC.swift in Sources */ = {isa = PBXBuildFile; fileRef = AA1A49FC24C4C4A000CA821C /* TheaterCVC.swift */; };
		AA1A49FF24C4CBD500CA821C /* Product_Sans_Regular.ttf in Resources */ = {isa = PBXBuildFile; fileRef = AA1A49FE24C4CBD500CA821C /* Product_Sans_Regular.ttf */; };
		AA1A4A0224C58BEB00CA821C /* SerialImageView.swift in Sources */ = {isa = PBXBuildFile; fileRef = AA1A4A0124C58BEB00CA821C /* SerialImageView.swift */; };
		AA1A4A0424C58BFA00CA821C /* SerialImageView.xib in Resources */ = {isa = PBXBuildFile; fileRef = AA1A4A0324C58BFA00CA821C /* SerialImageView.xib */; };
		AAA4985424C8C21B00591E73 /* APIManager.swift in Sources */ = {isa = PBXBuildFile; fileRef = AAA4985324C8C21B00591E73 /* APIManager.swift */; };
/* End PBXBuildFile section */

/* Begin PBXContainerItemProxy section */
		AA1A499A24C065F000CA821C /* PBXContainerItemProxy */ = {
			isa = PBXContainerItemProxy;
			containerPortal = AA1A497B24C065EE00CA821C /* Project object */;
			proxyType = 1;
			remoteGlobalIDString = AA1A498224C065EE00CA821C;
			remoteInfo = FilimoVit;
		};
		AA1A49A524C065F000CA821C /* PBXContainerItemProxy */ = {
			isa = PBXContainerItemProxy;
			containerPortal = AA1A497B24C065EE00CA821C /* Project object */;
			proxyType = 1;
			remoteGlobalIDString = AA1A498224C065EE00CA821C;
			remoteInfo = FilimoVit;
		};
/* End PBXContainerItemProxy section */

/* Begin PBXFileReference section */
		10EE27F321ED7C18263FD165 /* Pods-FilimoVit-FilimoVitUITests.debug.xcconfig */ = {isa = PBXFileReference; includeInIndex = 1; lastKnownFileType = text.xcconfig; name = "Pods-FilimoVit-FilimoVitUITests.debug.xcconfig"; path = "Target Support Files/Pods-FilimoVit-FilimoVitUITests/Pods-FilimoVit-FilimoVitUITests.debug.xcconfig"; sourceTree = "<group>"; };
		23ED9549F8BB7E380ED45B88 /* Pods-FilimoVitTests.debug.xcconfig */ = {isa = PBXFileReference; includeInIndex = 1; lastKnownFileType = text.xcconfig; name = "Pods-FilimoVitTests.debug.xcconfig"; path = "Target Support Files/Pods-FilimoVitTests/Pods-FilimoVitTests.debug.xcconfig"; sourceTree = "<group>"; };
		330183D950C5CEB19C9C0A47 /* Pods-FilimoVit-FilimoVitUITests.release.xcconfig */ = {isa = PBXFileReference; includeInIndex = 1; lastKnownFileType = text.xcconfig; name = "Pods-FilimoVit-FilimoVitUITests.release.xcconfig"; path = "Target Support Files/Pods-FilimoVit-FilimoVitUITests/Pods-FilimoVit-FilimoVitUITests.release.xcconfig"; sourceTree = "<group>"; };
		4EA34E7A0B49617652EB1817 /* Pods-FilimoVitTests.release.xcconfig */ = {isa = PBXFileReference; includeInIndex = 1; lastKnownFileType = text.xcconfig; name = "Pods-FilimoVitTests.release.xcconfig"; path = "Target Support Files/Pods-FilimoVitTests/Pods-FilimoVitTests.release.xcconfig"; sourceTree = "<group>"; };
		6E37847F3BDC89FD902A1037 /* Pods-FilimoVit.debug.xcconfig */ = {isa = PBXFileReference; includeInIndex = 1; lastKnownFileType = text.xcconfig; name = "Pods-FilimoVit.debug.xcconfig"; path = "Target Support Files/Pods-FilimoVit/Pods-FilimoVit.debug.xcconfig"; sourceTree = "<group>"; };
		71FBC0D7CD19F8D954634EC6 /* Pods-FilimoVit.release.xcconfig */ = {isa = PBXFileReference; includeInIndex = 1; lastKnownFileType = text.xcconfig; name = "Pods-FilimoVit.release.xcconfig"; path = "Target Support Files/Pods-FilimoVit/Pods-FilimoVit.release.xcconfig"; sourceTree = "<group>"; };
		8E579197B22990D0CB19351A /* Pods_FilimoVitTests.framework */ = {isa = PBXFileReference; explicitFileType = wrapper.framework; includeInIndex = 0; path = Pods_FilimoVitTests.framework; sourceTree = BUILT_PRODUCTS_DIR; };
		A73BC8ACCB9EB24EE17577BE /* Pods_FilimoVit_FilimoVitUITests.framework */ = {isa = PBXFileReference; explicitFileType = wrapper.framework; includeInIndex = 0; path = Pods_FilimoVit_FilimoVitUITests.framework; sourceTree = BUILT_PRODUCTS_DIR; };
		AA1A498324C065EE00CA821C /* FilimoVit.app */ = {isa = PBXFileReference; explicitFileType = wrapper.application; includeInIndex = 0; path = FilimoVit.app; sourceTree = BUILT_PRODUCTS_DIR; };
		AA1A498624C065EE00CA821C /* AppDelegate.swift */ = {isa = PBXFileReference; lastKnownFileType = sourcecode.swift; path = AppDelegate.swift; sourceTree = "<group>"; };
		AA1A498824C065EE00CA821C /* SceneDelegate.swift */ = {isa = PBXFileReference; lastKnownFileType = sourcecode.swift; path = SceneDelegate.swift; sourceTree = "<group>"; };
		AA1A498A24C065EE00CA821C /* VitrinVC.swift */ = {isa = PBXFileReference; lastKnownFileType = sourcecode.swift; path = VitrinVC.swift; sourceTree = "<group>"; };
		AA1A498D24C065EE00CA821C /* Base */ = {isa = PBXFileReference; lastKnownFileType = file.storyboard; name = Base; path = Base.lproj/Main.storyboard; sourceTree = "<group>"; };
		AA1A498F24C065F000CA821C /* Assets.xcassets */ = {isa = PBXFileReference; lastKnownFileType = folder.assetcatalog; path = Assets.xcassets; sourceTree = "<group>"; };
		AA1A499224C065F000CA821C /* Base */ = {isa = PBXFileReference; lastKnownFileType = file.storyboard; name = Base; path = Base.lproj/LaunchScreen.storyboard; sourceTree = "<group>"; };
		AA1A499424C065F000CA821C /* Info.plist */ = {isa = PBXFileReference; lastKnownFileType = text.plist.xml; path = Info.plist; sourceTree = "<group>"; };
		AA1A499924C065F000CA821C /* FilimoVitTests.xctest */ = {isa = PBXFileReference; explicitFileType = wrapper.cfbundle; includeInIndex = 0; path = FilimoVitTests.xctest; sourceTree = BUILT_PRODUCTS_DIR; };
		AA1A499D24C065F000CA821C /* FilimoVitTests.swift */ = {isa = PBXFileReference; lastKnownFileType = sourcecode.swift; path = FilimoVitTests.swift; sourceTree = "<group>"; };
		AA1A499F24C065F000CA821C /* Info.plist */ = {isa = PBXFileReference; lastKnownFileType = text.plist.xml; path = Info.plist; sourceTree = "<group>"; };
		AA1A49A424C065F000CA821C /* FilimoVitUITests.xctest */ = {isa = PBXFileReference; explicitFileType = wrapper.cfbundle; includeInIndex = 0; path = FilimoVitUITests.xctest; sourceTree = BUILT_PRODUCTS_DIR; };
		AA1A49A824C065F000CA821C /* FilimoVitUITests.swift */ = {isa = PBXFileReference; lastKnownFileType = sourcecode.swift; path = FilimoVitUITests.swift; sourceTree = "<group>"; };
		AA1A49AA24C065F000CA821C /* Info.plist */ = {isa = PBXFileReference; lastKnownFileType = text.plist.xml; path = Info.plist; sourceTree = "<group>"; };
		AA1A49BD24C1C48B00CA821C /* VitrinItem.swift */ = {isa = PBXFileReference; lastKnownFileType = sourcecode.swift; path = VitrinItem.swift; sourceTree = "<group>"; };
		AA1A49BF24C1C53B00CA821C /* Constants.swift */ = {isa = PBXFileReference; lastKnownFileType = sourcecode.swift; path = Constants.swift; sourceTree = "<group>"; };
		AA1A49C124C2102200CA821C /* Base.swift */ = {isa = PBXFileReference; lastKnownFileType = sourcecode.swift; path = Base.swift; sourceTree = "<group>"; };
		AA1A49C324C2148E00CA821C /* Poster.swift */ = {isa = PBXFileReference; lastKnownFileType = sourcecode.swift; path = Poster.swift; sourceTree = "<group>"; };
		AA1A49C524C21D9400CA821C /* Movie.swift */ = {isa = PBXFileReference; lastKnownFileType = sourcecode.swift; path = Movie.swift; sourceTree = "<group>"; };
		AA1A49C724C21DAB00CA821C /* Tag.swift */ = {isa = PBXFileReference; lastKnownFileType = sourcecode.swift; path = Tag.swift; sourceTree = "<group>"; };
		AA1A49CD24C2C3D500CA821C /* HeaderSlider.swift */ = {isa = PBXFileReference; lastKnownFileType = sourcecode.swift; path = HeaderSlider.swift; sourceTree = "<group>"; };
		AA1A49D524C32DAB00CA821C /* VitrinVM.swift */ = {isa = PBXFileReference; lastKnownFileType = sourcecode.swift; path = VitrinVM.swift; sourceTree = "<group>"; };
		AA1A49D924C3653600CA821C /* PosterTVC.swift */ = {isa = PBXFileReference; lastKnownFileType = sourcecode.swift; path = PosterTVC.swift; sourceTree = "<group>"; };
		AA1A49DB24C3654900CA821C /* PosterTVC.xib */ = {isa = PBXFileReference; lastKnownFileType = file.xib; path = PosterTVC.xib; sourceTree = "<group>"; };
		AA1A49DD24C36C1900CA821C /* Extensiones.swift */ = {isa = PBXFileReference; lastKnownFileType = sourcecode.swift; path = Extensiones.swift; sourceTree = "<group>"; };
		AA1A49E024C49D1500CA821C /* MoiveTVC.swift */ = {isa = PBXFileReference; lastKnownFileType = sourcecode.swift; path = MoiveTVC.swift; sourceTree = "<group>"; };
		AA1A49E224C49D2800CA821C /* MovieTVC.xib */ = {isa = PBXFileReference; lastKnownFileType = file.xib; path = MovieTVC.xib; sourceTree = "<group>"; };
		AA1A49E524C49F8700CA821C /* IRANSansMobile(FaNum).ttf */ = {isa = PBXFileReference; lastKnownFileType = file; path = "IRANSansMobile(FaNum).ttf"; sourceTree = "<group>"; };
		AA1A49E624C49F8700CA821C /* IRANSansMobile(FaNum)_Bold.ttf */ = {isa = PBXFileReference; lastKnownFileType = file; path = "IRANSansMobile(FaNum)_Bold.ttf"; sourceTree = "<group>"; };
		AA1A49E724C49F8700CA821C /* IRANSansMobile(FaNum)_Light.ttf */ = {isa = PBXFileReference; lastKnownFileType = file; path = "IRANSansMobile(FaNum)_Light.ttf"; sourceTree = "<group>"; };
		AA1A49E824C49F8700CA821C /* IRANSansMobile(FaNum)_UltraLight.ttf */ = {isa = PBXFileReference; lastKnownFileType = file; path = "IRANSansMobile(FaNum)_UltraLight.ttf"; sourceTree = "<group>"; };
		AA1A49E924C49F8700CA821C /* IRANSansMobile(FaNum)_Medium.ttf */ = {isa = PBXFileReference; lastKnownFileType = file; path = "IRANSansMobile(FaNum)_Medium.ttf"; sourceTree = "<group>"; };
		AA1A49F024C4C37500CA821C /* ThumbplayCVC.xib */ = {isa = PBXFileReference; lastKnownFileType = file.xib; path = ThumbplayCVC.xib; sourceTree = "<group>"; };
		AA1A49F224C4C38A00CA821C /* ThumbplayCVC.swift */ = {isa = PBXFileReference; lastKnownFileType = sourcecode.swift; path = ThumbplayCVC.swift; sourceTree = "<group>"; };
		AA1A49F524C4C3D700CA821C /* ThumbnailCVC.xib */ = {isa = PBXFileReference; lastKnownFileType = file.xib; path = ThumbnailCVC.xib; sourceTree = "<group>"; };
		AA1A49F724C4C44500CA821C /* ThumbnailCVC.swift */ = {isa = PBXFileReference; lastKnownFileType = sourcecode.swift; path = ThumbnailCVC.swift; sourceTree = "<group>"; };
		AA1A49FA24C4C49600CA821C /* TheaterCVC.xib */ = {isa = PBXFileReference; lastKnownFileType = file.xib; path = TheaterCVC.xib; sourceTree = "<group>"; };
		AA1A49FC24C4C4A000CA821C /* TheaterCVC.swift */ = {isa = PBXFileReference; lastKnownFileType = sourcecode.swift; path = TheaterCVC.swift; sourceTree = "<group>"; };
		AA1A49FE24C4CBD500CA821C /* Product_Sans_Regular.ttf */ = {isa = PBXFileReference; lastKnownFileType = file; path = Product_Sans_Regular.ttf; sourceTree = "<group>"; };
		AA1A4A0124C58BEB00CA821C /* SerialImageView.swift */ = {isa = PBXFileReference; lastKnownFileType = sourcecode.swift; path = SerialImageView.swift; sourceTree = "<group>"; };
		AA1A4A0324C58BFA00CA821C /* SerialImageView.xib */ = {isa = PBXFileReference; lastKnownFileType = file.xib; path = SerialImageView.xib; sourceTree = "<group>"; };
		AAA4985324C8C21B00591E73 /* APIManager.swift */ = {isa = PBXFileReference; lastKnownFileType = sourcecode.swift; path = APIManager.swift; sourceTree = "<group>"; };
		EF6DCC97617DC49DCFE6DD52 /* Pods_FilimoVit.framework */ = {isa = PBXFileReference; explicitFileType = wrapper.framework; includeInIndex = 0; path = Pods_FilimoVit.framework; sourceTree = BUILT_PRODUCTS_DIR; };
/* End PBXFileReference section */

/* Begin PBXFrameworksBuildPhase section */
		AA1A498024C065EE00CA821C /* Frameworks */ = {
			isa = PBXFrameworksBuildPhase;
			buildActionMask = 2147483647;
			files = (
				440CBA43BB103D89A55F01D1 /* Pods_FilimoVit.framework in Frameworks */,
			);
			runOnlyForDeploymentPostprocessing = 0;
		};
		AA1A499624C065F000CA821C /* Frameworks */ = {
			isa = PBXFrameworksBuildPhase;
			buildActionMask = 2147483647;
			files = (
				3A0EAE3513B5497E2CEA9F39 /* Pods_FilimoVitTests.framework in Frameworks */,
			);
			runOnlyForDeploymentPostprocessing = 0;
		};
		AA1A49A124C065F000CA821C /* Frameworks */ = {
			isa = PBXFrameworksBuildPhase;
			buildActionMask = 2147483647;
			files = (
				860783E4022441E6D4477461 /* Pods_FilimoVit_FilimoVitUITests.framework in Frameworks */,
			);
			runOnlyForDeploymentPostprocessing = 0;
		};
/* End PBXFrameworksBuildPhase section */

/* Begin PBXGroup section */
		6E6C896695E33E6230DED40D /* Frameworks */ = {
			isa = PBXGroup;
			children = (
				EF6DCC97617DC49DCFE6DD52 /* Pods_FilimoVit.framework */,
				A73BC8ACCB9EB24EE17577BE /* Pods_FilimoVit_FilimoVitUITests.framework */,
				8E579197B22990D0CB19351A /* Pods_FilimoVitTests.framework */,
			);
			name = Frameworks;
			sourceTree = "<group>";
		};
		AA1A497A24C065EE00CA821C = {
			isa = PBXGroup;
			children = (
				AA1A498524C065EE00CA821C /* FilimoVit */,
				AA1A49E424C49F2300CA821C /* Fonts */,
				AA1A499C24C065F000CA821C /* FilimoVitTests */,
				AA1A49A724C065F000CA821C /* FilimoVitUITests */,
				AA1A498424C065EE00CA821C /* Products */,
				B694E3C92075AADBFA394FBC /* Pods */,
				6E6C896695E33E6230DED40D /* Frameworks */,
			);
			sourceTree = "<group>";
		};
		AA1A498424C065EE00CA821C /* Products */ = {
			isa = PBXGroup;
			children = (
				AA1A498324C065EE00CA821C /* FilimoVit.app */,
				AA1A499924C065F000CA821C /* FilimoVitTests.xctest */,
				AA1A49A424C065F000CA821C /* FilimoVitUITests.xctest */,
			);
			name = Products;
			sourceTree = "<group>";
		};
		AA1A498524C065EE00CA821C /* FilimoVit */ = {
			isa = PBXGroup;
			children = (
				AA1A49BC24C1C1F200CA821C /* Models */,
				AA1A49D024C32B8500CA821C /* ViewModels */,
				AA1A49CF24C32B6400CA821C /* Views */,
				AA1A49D124C32BA500CA821C /* Helpers */,
				AA1A498624C065EE00CA821C /* AppDelegate.swift */,
				AA1A498824C065EE00CA821C /* SceneDelegate.swift */,
				AA1A498C24C065EE00CA821C /* Main.storyboard */,
				AA1A499124C065F000CA821C /* LaunchScreen.storyboard */,
				AA1A498F24C065F000CA821C /* Assets.xcassets */,
				AA1A499424C065F000CA821C /* Info.plist */,
			);
			path = FilimoVit;
			sourceTree = "<group>";
		};
		AA1A499C24C065F000CA821C /* FilimoVitTests */ = {
			isa = PBXGroup;
			children = (
				AA1A499D24C065F000CA821C /* FilimoVitTests.swift */,
				AA1A499F24C065F000CA821C /* Info.plist */,
			);
			path = FilimoVitTests;
			sourceTree = "<group>";
		};
		AA1A49A724C065F000CA821C /* FilimoVitUITests */ = {
			isa = PBXGroup;
			children = (
				AA1A49A824C065F000CA821C /* FilimoVitUITests.swift */,
				AA1A49AA24C065F000CA821C /* Info.plist */,
			);
			path = FilimoVitUITests;
			sourceTree = "<group>";
		};
		AA1A49BC24C1C1F200CA821C /* Models */ = {
			isa = PBXGroup;
			children = (
				AA1A49D324C32C5800CA821C /* Vitrin */,
			);
			path = Models;
			sourceTree = "<group>";
		};
		AA1A49CF24C32B6400CA821C /* Views */ = {
			isa = PBXGroup;
			children = (
				AA1A49D224C32C0100CA821C /* Vitrin */,
			);
			path = Views;
			sourceTree = "<group>";
		};
		AA1A49D024C32B8500CA821C /* ViewModels */ = {
			isa = PBXGroup;
			children = (
				AA1A49D424C32C8F00CA821C /* Vitrin */,
			);
			path = ViewModels;
			sourceTree = "<group>";
		};
		AA1A49D124C32BA500CA821C /* Helpers */ = {
			isa = PBXGroup;
			children = (
				AA1A49BF24C1C53B00CA821C /* Constants.swift */,
				AA1A49DD24C36C1900CA821C /* Extensiones.swift */,
				AAA4985324C8C21B00591E73 /* APIManager.swift */,
			);
			path = Helpers;
			sourceTree = "<group>";
		};
		AA1A49D224C32C0100CA821C /* Vitrin */ = {
			isa = PBXGroup;
			children = (
				AA1A49D824C364FD00CA821C /* PosterTVC */,
				AA1A49DF24C49CA200CA821C /* MovieTVC */,
				AA1A498A24C065EE00CA821C /* VitrinVC.swift */,
			);
			path = Vitrin;
			sourceTree = "<group>";
		};
		AA1A49D324C32C5800CA821C /* Vitrin */ = {
			isa = PBXGroup;
			children = (
				AA1A49BD24C1C48B00CA821C /* VitrinItem.swift */,
				AA1A49C124C2102200CA821C /* Base.swift */,
				AA1A49CD24C2C3D500CA821C /* HeaderSlider.swift */,
				AA1A49C324C2148E00CA821C /* Poster.swift */,
				AA1A49C524C21D9400CA821C /* Movie.swift */,
				AA1A49C724C21DAB00CA821C /* Tag.swift */,
			);
			path = Vitrin;
			sourceTree = "<group>";
		};
		AA1A49D424C32C8F00CA821C /* Vitrin */ = {
			isa = PBXGroup;
			children = (
				AA1A49D524C32DAB00CA821C /* VitrinVM.swift */,
			);
			path = Vitrin;
			sourceTree = "<group>";
		};
		AA1A49D824C364FD00CA821C /* PosterTVC */ = {
			isa = PBXGroup;
			children = (
				AA1A49DB24C3654900CA821C /* PosterTVC.xib */,
				AA1A49D924C3653600CA821C /* PosterTVC.swift */,
			);
			path = PosterTVC;
			sourceTree = "<group>";
		};
		AA1A49DF24C49CA200CA821C /* MovieTVC */ = {
			isa = PBXGroup;
			children = (
				AA1A49EF24C4C34200CA821C /* ThumbplayCVC */,
				AA1A49F424C4C3A800CA821C /* ThumbnailCVC */,
				AA1A49F924C4C46300CA821C /* TheaterCVC */,
				AA1A49E224C49D2800CA821C /* MovieTVC.xib */,
				AA1A49E024C49D1500CA821C /* MoiveTVC.swift */,
			);
			path = MovieTVC;
			sourceTree = "<group>";
		};
		AA1A49E424C49F2300CA821C /* Fonts */ = {
			isa = PBXGroup;
			children = (
				AA1A49FE24C4CBD500CA821C /* Product_Sans_Regular.ttf */,
				AA1A49E624C49F8700CA821C /* IRANSansMobile(FaNum)_Bold.ttf */,
				AA1A49E724C49F8700CA821C /* IRANSansMobile(FaNum)_Light.ttf */,
				AA1A49E924C49F8700CA821C /* IRANSansMobile(FaNum)_Medium.ttf */,
				AA1A49E824C49F8700CA821C /* IRANSansMobile(FaNum)_UltraLight.ttf */,
				AA1A49E524C49F8700CA821C /* IRANSansMobile(FaNum).ttf */,
			);
			path = Fonts;
			sourceTree = "<group>";
		};
		AA1A49EF24C4C34200CA821C /* ThumbplayCVC */ = {
			isa = PBXGroup;
			children = (
				AA1A49F024C4C37500CA821C /* ThumbplayCVC.xib */,
				AA1A49F224C4C38A00CA821C /* ThumbplayCVC.swift */,
			);
			path = ThumbplayCVC;
			sourceTree = "<group>";
		};
		AA1A49F424C4C3A800CA821C /* ThumbnailCVC */ = {
			isa = PBXGroup;
			children = (
				AA1A4A0024C58B0C00CA821C /* SerialImageView */,
				AA1A49F524C4C3D700CA821C /* ThumbnailCVC.xib */,
				AA1A49F724C4C44500CA821C /* ThumbnailCVC.swift */,
			);
			path = ThumbnailCVC;
			sourceTree = "<group>";
		};
		AA1A49F924C4C46300CA821C /* TheaterCVC */ = {
			isa = PBXGroup;
			children = (
				AA1A49FA24C4C49600CA821C /* TheaterCVC.xib */,
				AA1A49FC24C4C4A000CA821C /* TheaterCVC.swift */,
			);
			path = TheaterCVC;
			sourceTree = "<group>";
		};
		AA1A4A0024C58B0C00CA821C /* SerialImageView */ = {
			isa = PBXGroup;
			children = (
				AA1A4A0324C58BFA00CA821C /* SerialImageView.xib */,
				AA1A4A0124C58BEB00CA821C /* SerialImageView.swift */,
			);
			path = SerialImageView;
			sourceTree = "<group>";
		};
		B694E3C92075AADBFA394FBC /* Pods */ = {
			isa = PBXGroup;
			children = (
				6E37847F3BDC89FD902A1037 /* Pods-FilimoVit.debug.xcconfig */,
				71FBC0D7CD19F8D954634EC6 /* Pods-FilimoVit.release.xcconfig */,
				10EE27F321ED7C18263FD165 /* Pods-FilimoVit-FilimoVitUITests.debug.xcconfig */,
				330183D950C5CEB19C9C0A47 /* Pods-FilimoVit-FilimoVitUITests.release.xcconfig */,
				23ED9549F8BB7E380ED45B88 /* Pods-FilimoVitTests.debug.xcconfig */,
				4EA34E7A0B49617652EB1817 /* Pods-FilimoVitTests.release.xcconfig */,
			);
			path = Pods;
			sourceTree = "<group>";
		};
/* End PBXGroup section */

/* Begin PBXNativeTarget section */
		AA1A498224C065EE00CA821C /* FilimoVit */ = {
			isa = PBXNativeTarget;
			buildConfigurationList = AA1A49AD24C065F000CA821C /* Build configuration list for PBXNativeTarget "FilimoVit" */;
			buildPhases = (
				E6454E383E01DBD186D53A07 /* [CP] Check Pods Manifest.lock */,
				AA1A497F24C065EE00CA821C /* Sources */,
				AA1A498024C065EE00CA821C /* Frameworks */,
				AA1A498124C065EE00CA821C /* Resources */,
				7D8E420DCD3562BD45AA6B12 /* [CP] Embed Pods Frameworks */,
			);
			buildRules = (
			);
			dependencies = (
			);
			name = FilimoVit;
			productName = FilimoVit;
			productReference = AA1A498324C065EE00CA821C /* FilimoVit.app */;
			productType = "com.apple.product-type.application";
		};
		AA1A499824C065F000CA821C /* FilimoVitTests */ = {
			isa = PBXNativeTarget;
			buildConfigurationList = AA1A49B024C065F000CA821C /* Build configuration list for PBXNativeTarget "FilimoVitTests" */;
			buildPhases = (
				EDD3959C70B59A67BD7E3E01 /* [CP] Check Pods Manifest.lock */,
				AA1A499524C065F000CA821C /* Sources */,
				AA1A499624C065F000CA821C /* Frameworks */,
				AA1A499724C065F000CA821C /* Resources */,
			);
			buildRules = (
			);
			dependencies = (
				AA1A499B24C065F000CA821C /* PBXTargetDependency */,
			);
			name = FilimoVitTests;
			productName = FilimoVitTests;
			productReference = AA1A499924C065F000CA821C /* FilimoVitTests.xctest */;
			productType = "com.apple.product-type.bundle.unit-test";
		};
		AA1A49A324C065F000CA821C /* FilimoVitUITests */ = {
			isa = PBXNativeTarget;
			buildConfigurationList = AA1A49B324C065F000CA821C /* Build configuration list for PBXNativeTarget "FilimoVitUITests" */;
			buildPhases = (
				CC82F3BA9FD8688673BEE170 /* [CP] Check Pods Manifest.lock */,
				AA1A49A024C065F000CA821C /* Sources */,
				AA1A49A124C065F000CA821C /* Frameworks */,
				AA1A49A224C065F000CA821C /* Resources */,
				965D335067F5E80A944AC3CB /* [CP] Embed Pods Frameworks */,
			);
			buildRules = (
			);
			dependencies = (
				AA1A49A624C065F000CA821C /* PBXTargetDependency */,
			);
			name = FilimoVitUITests;
			productName = FilimoVitUITests;
			productReference = AA1A49A424C065F000CA821C /* FilimoVitUITests.xctest */;
			productType = "com.apple.product-type.bundle.ui-testing";
		};
/* End PBXNativeTarget section */

/* Begin PBXProject section */
		AA1A497B24C065EE00CA821C /* Project object */ = {
			isa = PBXProject;
			attributes = {
				LastSwiftUpdateCheck = 1150;
				LastUpgradeCheck = 1150;
				ORGANIZATIONNAME = "Ehsan Askari";
				TargetAttributes = {
					AA1A498224C065EE00CA821C = {
						CreatedOnToolsVersion = 11.5;
					};
					AA1A499824C065F000CA821C = {
						CreatedOnToolsVersion = 11.5;
						TestTargetID = AA1A498224C065EE00CA821C;
					};
					AA1A49A324C065F000CA821C = {
						CreatedOnToolsVersion = 11.5;
						TestTargetID = AA1A498224C065EE00CA821C;
					};
				};
			};
			buildConfigurationList = AA1A497E24C065EE00CA821C /* Build configuration list for PBXProject "FilimoVit" */;
			compatibilityVersion = "Xcode 9.3";
			developmentRegion = en;
			hasScannedForEncodings = 0;
			knownRegions = (
				en,
				Base,
			);
			mainGroup = AA1A497A24C065EE00CA821C;
			productRefGroup = AA1A498424C065EE00CA821C /* Products */;
			projectDirPath = "";
			projectRoot = "";
			targets = (
				AA1A498224C065EE00CA821C /* FilimoVit */,
				AA1A499824C065F000CA821C /* FilimoVitTests */,
				AA1A49A324C065F000CA821C /* FilimoVitUITests */,
			);
		};
/* End PBXProject section */

/* Begin PBXResourcesBuildPhase section */
		AA1A498124C065EE00CA821C /* Resources */ = {
			isa = PBXResourcesBuildPhase;
			buildActionMask = 2147483647;
			files = (
				AA1A499324C065F000CA821C /* LaunchScreen.storyboard in Resources */,
				AA1A49EC24C49F8700CA821C /* IRANSansMobile(FaNum)_Light.ttf in Resources */,
				AA1A499024C065F000CA821C /* Assets.xcassets in Resources */,
				AA1A49DC24C3654900CA821C /* PosterTVC.xib in Resources */,
				AA1A4A0424C58BFA00CA821C /* SerialImageView.xib in Resources */,
				AA1A49E324C49D2800CA821C /* MovieTVC.xib in Resources */,
				AA1A49F624C4C3D700CA821C /* ThumbnailCVC.xib in Resources */,
				AA1A49ED24C49F8700CA821C /* IRANSansMobile(FaNum)_UltraLight.ttf in Resources */,
				AA1A49F124C4C37500CA821C /* ThumbplayCVC.xib in Resources */,
				AA1A49FF24C4CBD500CA821C /* Product_Sans_Regular.ttf in Resources */,
				AA1A49EE24C49F8700CA821C /* IRANSansMobile(FaNum)_Medium.ttf in Resources */,
				AA1A49EA24C49F8700CA821C /* IRANSansMobile(FaNum).ttf in Resources */,
				AA1A49FB24C4C49600CA821C /* TheaterCVC.xib in Resources */,
				AA1A498E24C065EE00CA821C /* Main.storyboard in Resources */,
				AA1A49EB24C49F8700CA821C /* IRANSansMobile(FaNum)_Bold.ttf in Resources */,
			);
			runOnlyForDeploymentPostprocessing = 0;
		};
		AA1A499724C065F000CA821C /* Resources */ = {
			isa = PBXResourcesBuildPhase;
			buildActionMask = 2147483647;
			files = (
			);
			runOnlyForDeploymentPostprocessing = 0;
		};
		AA1A49A224C065F000CA821C /* Resources */ = {
			isa = PBXResourcesBuildPhase;
			buildActionMask = 2147483647;
			files = (
			);
			runOnlyForDeploymentPostprocessing = 0;
		};
/* End PBXResourcesBuildPhase section */

/* Begin PBXShellScriptBuildPhase section */
		7D8E420DCD3562BD45AA6B12 /* [CP] Embed Pods Frameworks */ = {
			isa = PBXShellScriptBuildPhase;
			buildActionMask = 2147483647;
			files = (
			);
			inputFileListPaths = (
				"${PODS_ROOT}/Target Support Files/Pods-FilimoVit/Pods-FilimoVit-frameworks-${CONFIGURATION}-input-files.xcfilelist",
			);
			name = "[CP] Embed Pods Frameworks";
			outputFileListPaths = (
				"${PODS_ROOT}/Target Support Files/Pods-FilimoVit/Pods-FilimoVit-frameworks-${CONFIGURATION}-output-files.xcfilelist",
			);
			runOnlyForDeploymentPostprocessing = 0;
			shellPath = /bin/sh;
			shellScript = "\"${PODS_ROOT}/Target Support Files/Pods-FilimoVit/Pods-FilimoVit-frameworks.sh\"\n";
			showEnvVarsInLog = 0;
		};
		965D335067F5E80A944AC3CB /* [CP] Embed Pods Frameworks */ = {
			isa = PBXShellScriptBuildPhase;
			buildActionMask = 2147483647;
			files = (
			);
			inputFileListPaths = (
				"${PODS_ROOT}/Target Support Files/Pods-FilimoVit-FilimoVitUITests/Pods-FilimoVit-FilimoVitUITests-frameworks-${CONFIGURATION}-input-files.xcfilelist",
			);
			name = "[CP] Embed Pods Frameworks";
			outputFileListPaths = (
				"${PODS_ROOT}/Target Support Files/Pods-FilimoVit-FilimoVitUITests/Pods-FilimoVit-FilimoVitUITests-frameworks-${CONFIGURATION}-output-files.xcfilelist",
			);
			runOnlyForDeploymentPostprocessing = 0;
			shellPath = /bin/sh;
			shellScript = "\"${PODS_ROOT}/Target Support Files/Pods-FilimoVit-FilimoVitUITests/Pods-FilimoVit-FilimoVitUITests-frameworks.sh\"\n";
			showEnvVarsInLog = 0;
		};
		CC82F3BA9FD8688673BEE170 /* [CP] Check Pods Manifest.lock */ = {
			isa = PBXShellScriptBuildPhase;
			buildActionMask = 2147483647;
			files = (
			);
			inputFileListPaths = (
			);
			inputPaths = (
				"${PODS_PODFILE_DIR_PATH}/Podfile.lock",
				"${PODS_ROOT}/Manifest.lock",
			);
			name = "[CP] Check Pods Manifest.lock";
			outputFileListPaths = (
			);
			outputPaths = (
				"$(DERIVED_FILE_DIR)/Pods-FilimoVit-FilimoVitUITests-checkManifestLockResult.txt",
			);
			runOnlyForDeploymentPostprocessing = 0;
			shellPath = /bin/sh;
			shellScript = "diff \"${PODS_PODFILE_DIR_PATH}/Podfile.lock\" \"${PODS_ROOT}/Manifest.lock\" > /dev/null\nif [ $? != 0 ] ; then\n    # print error to STDERR\n    echo \"error: The sandbox is not in sync with the Podfile.lock. Run 'pod install' or update your CocoaPods installation.\" >&2\n    exit 1\nfi\n# This output is used by Xcode 'outputs' to avoid re-running this script phase.\necho \"SUCCESS\" > \"${SCRIPT_OUTPUT_FILE_0}\"\n";
			showEnvVarsInLog = 0;
		};
		E6454E383E01DBD186D53A07 /* [CP] Check Pods Manifest.lock */ = {
			isa = PBXShellScriptBuildPhase;
			buildActionMask = 2147483647;
			files = (
			);
			inputFileListPaths = (
			);
			inputPaths = (
				"${PODS_PODFILE_DIR_PATH}/Podfile.lock",
				"${PODS_ROOT}/Manifest.lock",
			);
			name = "[CP] Check Pods Manifest.lock";
			outputFileListPaths = (
			);
			outputPaths = (
				"$(DERIVED_FILE_DIR)/Pods-FilimoVit-checkManifestLockResult.txt",
			);
			runOnlyForDeploymentPostprocessing = 0;
			shellPath = /bin/sh;
			shellScript = "diff \"${PODS_PODFILE_DIR_PATH}/Podfile.lock\" \"${PODS_ROOT}/Manifest.lock\" > /dev/null\nif [ $? != 0 ] ; then\n    # print error to STDERR\n    echo \"error: The sandbox is not in sync with the Podfile.lock. Run 'pod install' or update your CocoaPods installation.\" >&2\n    exit 1\nfi\n# This output is used by Xcode 'outputs' to avoid re-running this script phase.\necho \"SUCCESS\" > \"${SCRIPT_OUTPUT_FILE_0}\"\n";
			showEnvVarsInLog = 0;
		};
		EDD3959C70B59A67BD7E3E01 /* [CP] Check Pods Manifest.lock */ = {
			isa = PBXShellScriptBuildPhase;
			buildActionMask = 2147483647;
			files = (
			);
			inputFileListPaths = (
			);
			inputPaths = (
				"${PODS_PODFILE_DIR_PATH}/Podfile.lock",
				"${PODS_ROOT}/Manifest.lock",
			);
			name = "[CP] Check Pods Manifest.lock";
			outputFileListPaths = (
			);
			outputPaths = (
				"$(DERIVED_FILE_DIR)/Pods-FilimoVitTests-checkManifestLockResult.txt",
			);
			runOnlyForDeploymentPostprocessing = 0;
			shellPath = /bin/sh;
			shellScript = "diff \"${PODS_PODFILE_DIR_PATH}/Podfile.lock\" \"${PODS_ROOT}/Manifest.lock\" > /dev/null\nif [ $? != 0 ] ; then\n    # print error to STDERR\n    echo \"error: The sandbox is not in sync with the Podfile.lock. Run 'pod install' or update your CocoaPods installation.\" >&2\n    exit 1\nfi\n# This output is used by Xcode 'outputs' to avoid re-running this script phase.\necho \"SUCCESS\" > \"${SCRIPT_OUTPUT_FILE_0}\"\n";
			showEnvVarsInLog = 0;
		};
/* End PBXShellScriptBuildPhase section */

/* Begin PBXSourcesBuildPhase section */
		AA1A497F24C065EE00CA821C /* Sources */ = {
			isa = PBXSourcesBuildPhase;
			buildActionMask = 2147483647;
			files = (
				AA1A49C024C1C53B00CA821C /* Constants.swift in Sources */,
				AAA4985424C8C21B00591E73 /* APIManager.swift in Sources */,
				AA1A498B24C065EE00CA821C /* VitrinVC.swift in Sources */,
				AA1A498724C065EE00CA821C /* AppDelegate.swift in Sources */,
				AA1A49CE24C2C3D500CA821C /* HeaderSlider.swift in Sources */,
				AA1A49D624C32DAB00CA821C /* VitrinVM.swift in Sources */,
				AA1A49DE24C36C1900CA821C /* Extensiones.swift in Sources */,
				AA1A49FD24C4C4A000CA821C /* TheaterCVC.swift in Sources */,
				AA1A49DA24C3653600CA821C /* PosterTVC.swift in Sources */,
				AA1A4A0224C58BEB00CA821C /* SerialImageView.swift in Sources */,
				AA1A49BE24C1C48B00CA821C /* VitrinItem.swift in Sources */,
				AA1A49C424C2148E00CA821C /* Poster.swift in Sources */,
				AA1A49E124C49D1500CA821C /* MoiveTVC.swift in Sources */,
				AA1A498924C065EE00CA821C /* SceneDelegate.swift in Sources */,
				AA1A49F824C4C44500CA821C /* ThumbnailCVC.swift in Sources */,
				AA1A49C824C21DAB00CA821C /* Tag.swift in Sources */,
				AA1A49C624C21D9400CA821C /* Movie.swift in Sources */,
				AA1A49C224C2102200CA821C /* Base.swift in Sources */,
				AA1A49F324C4C38A00CA821C /* ThumbplayCVC.swift in Sources */,
			);
			runOnlyForDeploymentPostprocessing = 0;
		};
		AA1A499524C065F000CA821C /* Sources */ = {
			isa = PBXSourcesBuildPhase;
			buildActionMask = 2147483647;
			files = (
				AA1A499E24C065F000CA821C /* FilimoVitTests.swift in Sources */,
			);
			runOnlyForDeploymentPostprocessing = 0;
		};
		AA1A49A024C065F000CA821C /* Sources */ = {
			isa = PBXSourcesBuildPhase;
			buildActionMask = 2147483647;
			files = (
				AA1A49A924C065F000CA821C /* FilimoVitUITests.swift in Sources */,
			);
			runOnlyForDeploymentPostprocessing = 0;
		};
/* End PBXSourcesBuildPhase section */

/* Begin PBXTargetDependency section */
		AA1A499B24C065F000CA821C /* PBXTargetDependency */ = {
			isa = PBXTargetDependency;
			target = AA1A498224C065EE00CA821C /* FilimoVit */;
			targetProxy = AA1A499A24C065F000CA821C /* PBXContainerItemProxy */;
		};
		AA1A49A624C065F000CA821C /* PBXTargetDependency */ = {
			isa = PBXTargetDependency;
			target = AA1A498224C065EE00CA821C /* FilimoVit */;
			targetProxy = AA1A49A524C065F000CA821C /* PBXContainerItemProxy */;
		};
/* End PBXTargetDependency section */

/* Begin PBXVariantGroup section */
		AA1A498C24C065EE00CA821C /* Main.storyboard */ = {
			isa = PBXVariantGroup;
			children = (
				AA1A498D24C065EE00CA821C /* Base */,
			);
			name = Main.storyboard;
			sourceTree = "<group>";
		};
		AA1A499124C065F000CA821C /* LaunchScreen.storyboard */ = {
			isa = PBXVariantGroup;
			children = (
				AA1A499224C065F000CA821C /* Base */,
			);
			name = LaunchScreen.storyboard;
			sourceTree = "<group>";
		};
/* End PBXVariantGroup section */

/* Begin XCBuildConfiguration section */
		AA1A49AB24C065F000CA821C /* Debug */ = {
			isa = XCBuildConfiguration;
			buildSettings = {
				ALWAYS_SEARCH_USER_PATHS = NO;
				CLANG_ANALYZER_NONNULL = YES;
				CLANG_ANALYZER_NUMBER_OBJECT_CONVERSION = YES_AGGRESSIVE;
				CLANG_CXX_LANGUAGE_STANDARD = "gnu++14";
				CLANG_CXX_LIBRARY = "libc++";
				CLANG_ENABLE_MODULES = YES;
				CLANG_ENABLE_OBJC_ARC = YES;
				CLANG_ENABLE_OBJC_WEAK = YES;
				CLANG_WARN_BLOCK_CAPTURE_AUTORELEASING = YES;
				CLANG_WARN_BOOL_CONVERSION = YES;
				CLANG_WARN_COMMA = YES;
				CLANG_WARN_CONSTANT_CONVERSION = YES;
				CLANG_WARN_DEPRECATED_OBJC_IMPLEMENTATIONS = YES;
				CLANG_WARN_DIRECT_OBJC_ISA_USAGE = YES_ERROR;
				CLANG_WARN_DOCUMENTATION_COMMENTS = YES;
				CLANG_WARN_EMPTY_BODY = YES;
				CLANG_WARN_ENUM_CONVERSION = YES;
				CLANG_WARN_INFINITE_RECURSION = YES;
				CLANG_WARN_INT_CONVERSION = YES;
				CLANG_WARN_NON_LITERAL_NULL_CONVERSION = YES;
				CLANG_WARN_OBJC_IMPLICIT_RETAIN_SELF = YES;
				CLANG_WARN_OBJC_LITERAL_CONVERSION = YES;
				CLANG_WARN_OBJC_ROOT_CLASS = YES_ERROR;
				CLANG_WARN_RANGE_LOOP_ANALYSIS = YES;
				CLANG_WARN_STRICT_PROTOTYPES = YES;
				CLANG_WARN_SUSPICIOUS_MOVE = YES;
				CLANG_WARN_UNGUARDED_AVAILABILITY = YES_AGGRESSIVE;
				CLANG_WARN_UNREACHABLE_CODE = YES;
				CLANG_WARN__DUPLICATE_METHOD_MATCH = YES;
				COPY_PHASE_STRIP = NO;
				DEBUG_INFORMATION_FORMAT = dwarf;
				ENABLE_STRICT_OBJC_MSGSEND = YES;
				ENABLE_TESTABILITY = YES;
				GCC_C_LANGUAGE_STANDARD = gnu11;
				GCC_DYNAMIC_NO_PIC = NO;
				GCC_NO_COMMON_BLOCKS = YES;
				GCC_OPTIMIZATION_LEVEL = 0;
				GCC_PREPROCESSOR_DEFINITIONS = (
					"DEBUG=1",
					"$(inherited)",
				);
				GCC_WARN_64_TO_32_BIT_CONVERSION = YES;
				GCC_WARN_ABOUT_RETURN_TYPE = YES_ERROR;
				GCC_WARN_UNDECLARED_SELECTOR = YES;
				GCC_WARN_UNINITIALIZED_AUTOS = YES_AGGRESSIVE;
				GCC_WARN_UNUSED_FUNCTION = YES;
				GCC_WARN_UNUSED_VARIABLE = YES;
				IPHONEOS_DEPLOYMENT_TARGET = 13.5;
				MTL_ENABLE_DEBUG_INFO = INCLUDE_SOURCE;
				MTL_FAST_MATH = YES;
				ONLY_ACTIVE_ARCH = YES;
				SDKROOT = iphoneos;
				SWIFT_ACTIVE_COMPILATION_CONDITIONS = DEBUG;
				SWIFT_OPTIMIZATION_LEVEL = "-Onone";
			};
			name = Debug;
		};
		AA1A49AC24C065F000CA821C /* Release */ = {
			isa = XCBuildConfiguration;
			buildSettings = {
				ALWAYS_SEARCH_USER_PATHS = NO;
				CLANG_ANALYZER_NONNULL = YES;
				CLANG_ANALYZER_NUMBER_OBJECT_CONVERSION = YES_AGGRESSIVE;
				CLANG_CXX_LANGUAGE_STANDARD = "gnu++14";
				CLANG_CXX_LIBRARY = "libc++";
				CLANG_ENABLE_MODULES = YES;
				CLANG_ENABLE_OBJC_ARC = YES;
				CLANG_ENABLE_OBJC_WEAK = YES;
				CLANG_WARN_BLOCK_CAPTURE_AUTORELEASING = YES;
				CLANG_WARN_BOOL_CONVERSION = YES;
				CLANG_WARN_COMMA = YES;
				CLANG_WARN_CONSTANT_CONVERSION = YES;
				CLANG_WARN_DEPRECATED_OBJC_IMPLEMENTATIONS = YES;
				CLANG_WARN_DIRECT_OBJC_ISA_USAGE = YES_ERROR;
				CLANG_WARN_DOCUMENTATION_COMMENTS = YES;
				CLANG_WARN_EMPTY_BODY = YES;
				CLANG_WARN_ENUM_CONVERSION = YES;
				CLANG_WARN_INFINITE_RECURSION = YES;
				CLANG_WARN_INT_CONVERSION = YES;
				CLANG_WARN_NON_LITERAL_NULL_CONVERSION = YES;
				CLANG_WARN_OBJC_IMPLICIT_RETAIN_SELF = YES;
				CLANG_WARN_OBJC_LITERAL_CONVERSION = YES;
				CLANG_WARN_OBJC_ROOT_CLASS = YES_ERROR;
				CLANG_WARN_RANGE_LOOP_ANALYSIS = YES;
				CLANG_WARN_STRICT_PROTOTYPES = YES;
				CLANG_WARN_SUSPICIOUS_MOVE = YES;
				CLANG_WARN_UNGUARDED_AVAILABILITY = YES_AGGRESSIVE;
				CLANG_WARN_UNREACHABLE_CODE = YES;
				CLANG_WARN__DUPLICATE_METHOD_MATCH = YES;
				COPY_PHASE_STRIP = NO;
				DEBUG_INFORMATION_FORMAT = "dwarf-with-dsym";
				ENABLE_NS_ASSERTIONS = NO;
				ENABLE_STRICT_OBJC_MSGSEND = YES;
				GCC_C_LANGUAGE_STANDARD = gnu11;
				GCC_NO_COMMON_BLOCKS = YES;
				GCC_WARN_64_TO_32_BIT_CONVERSION = YES;
				GCC_WARN_ABOUT_RETURN_TYPE = YES_ERROR;
				GCC_WARN_UNDECLARED_SELECTOR = YES;
				GCC_WARN_UNINITIALIZED_AUTOS = YES_AGGRESSIVE;
				GCC_WARN_UNUSED_FUNCTION = YES;
				GCC_WARN_UNUSED_VARIABLE = YES;
				IPHONEOS_DEPLOYMENT_TARGET = 13.5;
				MTL_ENABLE_DEBUG_INFO = NO;
				MTL_FAST_MATH = YES;
				SDKROOT = iphoneos;
				SWIFT_COMPILATION_MODE = wholemodule;
				SWIFT_OPTIMIZATION_LEVEL = "-O";
				VALIDATE_PRODUCT = YES;
			};
			name = Release;
		};
		AA1A49AE24C065F000CA821C /* Debug */ = {
			isa = XCBuildConfiguration;
			baseConfigurationReference = 6E37847F3BDC89FD902A1037 /* Pods-FilimoVit.debug.xcconfig */;
			buildSettings = {
				ASSETCATALOG_COMPILER_APPICON_NAME = AppIcon;
				CODE_SIGN_STYLE = Automatic;
				DEVELOPMENT_TEAM = HLZ6FYL398;
				INFOPLIST_FILE = FilimoVit/Info.plist;
				LD_RUNPATH_SEARCH_PATHS = (
					"$(inherited)",
					"@executable_path/Frameworks",
				);
				PRODUCT_BUNDLE_IDENTIFIER = ir.ehsanaskari.FilimoVit;
				PRODUCT_NAME = "$(TARGET_NAME)";
				SWIFT_VERSION = 5.0;
				TARGETED_DEVICE_FAMILY = "1,2";
			};
			name = Debug;
		};
		AA1A49AF24C065F000CA821C /* Release */ = {
			isa = XCBuildConfiguration;
			baseConfigurationReference = 71FBC0D7CD19F8D954634EC6 /* Pods-FilimoVit.release.xcconfig */;
			buildSettings = {
				ASSETCATALOG_COMPILER_APPICON_NAME = AppIcon;
				CODE_SIGN_STYLE = Automatic;
				DEVELOPMENT_TEAM = HLZ6FYL398;
				INFOPLIST_FILE = FilimoVit/Info.plist;
				LD_RUNPATH_SEARCH_PATHS = (
					"$(inherited)",
					"@executable_path/Frameworks",
				);
				PRODUCT_BUNDLE_IDENTIFIER = ir.ehsanaskari.FilimoVit;
				PRODUCT_NAME = "$(TARGET_NAME)";
				SWIFT_VERSION = 5.0;
				TARGETED_DEVICE_FAMILY = "1,2";
			};
			name = Release;
		};
		AA1A49B124C065F000CA821C /* Debug */ = {
			isa = XCBuildConfiguration;
			baseConfigurationReference = 23ED9549F8BB7E380ED45B88 /* Pods-FilimoVitTests.debug.xcconfig */;
			buildSettings = {
				ALWAYS_EMBED_SWIFT_STANDARD_LIBRARIES = YES;
				BUNDLE_LOADER = "$(TEST_HOST)";
				CODE_SIGN_STYLE = Automatic;
				DEVELOPMENT_TEAM = HLZ6FYL398;
				INFOPLIST_FILE = FilimoVitTests/Info.plist;
				IPHONEOS_DEPLOYMENT_TARGET = 13.5;
				LD_RUNPATH_SEARCH_PATHS = (
					"$(inherited)",
					"@executable_path/Frameworks",
					"@loader_path/Frameworks",
				);
				PRODUCT_BUNDLE_IDENTIFIER = ir.ehsanaskari.FilimoVitTests;
				PRODUCT_NAME = "$(TARGET_NAME)";
				SWIFT_VERSION = 5.0;
				TARGETED_DEVICE_FAMILY = "1,2";
				TEST_HOST = "$(BUILT_PRODUCTS_DIR)/FilimoVit.app/FilimoVit";
			};
			name = Debug;
		};
		AA1A49B224C065F000CA821C /* Release */ = {
			isa = XCBuildConfiguration;
			baseConfigurationReference = 4EA34E7A0B49617652EB1817 /* Pods-FilimoVitTests.release.xcconfig */;
			buildSettings = {
				ALWAYS_EMBED_SWIFT_STANDARD_LIBRARIES = YES;
				BUNDLE_LOADER = "$(TEST_HOST)";
				CODE_SIGN_STYLE = Automatic;
				DEVELOPMENT_TEAM = HLZ6FYL398;
				INFOPLIST_FILE = FilimoVitTests/Info.plist;
				IPHONEOS_DEPLOYMENT_TARGET = 13.5;
				LD_RUNPATH_SEARCH_PATHS = (
					"$(inherited)",
					"@executable_path/Frameworks",
					"@loader_path/Frameworks",
				);
				PRODUCT_BUNDLE_IDENTIFIER = ir.ehsanaskari.FilimoVitTests;
				PRODUCT_NAME = "$(TARGET_NAME)";
				SWIFT_VERSION = 5.0;
				TARGETED_DEVICE_FAMILY = "1,2";
				TEST_HOST = "$(BUILT_PRODUCTS_DIR)/FilimoVit.app/FilimoVit";
			};
			name = Release;
		};
		AA1A49B424C065F000CA821C /* Debug */ = {
			isa = XCBuildConfiguration;
			baseConfigurationReference = 10EE27F321ED7C18263FD165 /* Pods-FilimoVit-FilimoVitUITests.debug.xcconfig */;
			buildSettings = {
				ALWAYS_EMBED_SWIFT_STANDARD_LIBRARIES = YES;
				CODE_SIGN_STYLE = Automatic;
				DEVELOPMENT_TEAM = HLZ6FYL398;
				INFOPLIST_FILE = FilimoVitUITests/Info.plist;
				LD_RUNPATH_SEARCH_PATHS = (
					"$(inherited)",
					"@executable_path/Frameworks",
					"@loader_path/Frameworks",
				);
				PRODUCT_BUNDLE_IDENTIFIER = ir.ehsanaskari.FilimoVitUITests;
				PRODUCT_NAME = "$(TARGET_NAME)";
				SWIFT_VERSION = 5.0;
				TARGETED_DEVICE_FAMILY = "1,2";
				TEST_TARGET_NAME = FilimoVit;
			};
			name = Debug;
		};
		AA1A49B524C065F000CA821C /* Release */ = {
			isa = XCBuildConfiguration;
			baseConfigurationReference = 330183D950C5CEB19C9C0A47 /* Pods-FilimoVit-FilimoVitUITests.release.xcconfig */;
			buildSettings = {
				ALWAYS_EMBED_SWIFT_STANDARD_LIBRARIES = YES;
				CODE_SIGN_STYLE = Automatic;
				DEVELOPMENT_TEAM = HLZ6FYL398;
				INFOPLIST_FILE = FilimoVitUITests/Info.plist;
				LD_RUNPATH_SEARCH_PATHS = (
					"$(inherited)",
					"@executable_path/Frameworks",
					"@loader_path/Frameworks",
				);
				PRODUCT_BUNDLE_IDENTIFIER = ir.ehsanaskari.FilimoVitUITests;
				PRODUCT_NAME = "$(TARGET_NAME)";
				SWIFT_VERSION = 5.0;
				TARGETED_DEVICE_FAMILY = "1,2";
				TEST_TARGET_NAME = FilimoVit;
			};
			name = Release;
		};
/* End XCBuildConfiguration section */

/* Begin XCConfigurationList section */
		AA1A497E24C065EE00CA821C /* Build configuration list for PBXProject "FilimoVit" */ = {
			isa = XCConfigurationList;
			buildConfigurations = (
				AA1A49AB24C065F000CA821C /* Debug */,
				AA1A49AC24C065F000CA821C /* Release */,
			);
			defaultConfigurationIsVisible = 0;
			defaultConfigurationName = Release;
		};
		AA1A49AD24C065F000CA821C /* Build configuration list for PBXNativeTarget "FilimoVit" */ = {
			isa = XCConfigurationList;
			buildConfigurations = (
				AA1A49AE24C065F000CA821C /* Debug */,
				AA1A49AF24C065F000CA821C /* Release */,
			);
			defaultConfigurationIsVisible = 0;
			defaultConfigurationName = Release;
		};
		AA1A49B024C065F000CA821C /* Build configuration list for PBXNativeTarget "FilimoVitTests" */ = {
			isa = XCConfigurationList;
			buildConfigurations = (
				AA1A49B124C065F000CA821C /* Debug */,
				AA1A49B224C065F000CA821C /* Release */,
			);
			defaultConfigurationIsVisible = 0;
			defaultConfigurationName = Release;
		};
		AA1A49B324C065F000CA821C /* Build configuration list for PBXNativeTarget "FilimoVitUITests" */ = {
			isa = XCConfigurationList;
			buildConfigurations = (
				AA1A49B424C065F000CA821C /* Debug */,
				AA1A49B524C065F000CA821C /* Release */,
			);
			defaultConfigurationIsVisible = 0;
			defaultConfigurationName = Release;
		};
/* End XCConfigurationList section */
	};
	rootObject = AA1A497B24C065EE00CA821C /* Project object */;
}
